
Microsoft Visual Studio Solution File, Format Version 12.00
# Visual Studio Version 17
VisualStudioVersion = 17.11.35312.102
MinimumVisualStudioVersion = 10.0.40219.1
Project("{FAE04EC0-301F-11D3-BF4B-00C04F79EFBC}") = "victronListner", "victronListner.csproj", "{E2D80615-5D62-411E-AF91-7B7BBFF22CE1}"
EndProject
Global
	GlobalSection(SolutionConfigurationPlatforms) = preSolution
		Debug|Any CPU = Debug|Any CPU
		Release|Any CPU = Release|Any CPU
	EndGlobalSection
	GlobalSection(ProjectConfigurationPlatforms) = postSolution
		{E2D80615-5D62-411E-AF91-7B7BBFF22CE1}.Debug|Any CPU.ActiveCfg = Debug|Any CPU
		{E2D80615-5D62-411E-AF91-7B7BBFF22CE1}.Debug|Any CPU.Build.0 = Debug|Any CPU
		{E2D80615-5D62-411E-AF91-7B7BBFF22CE1}.Release|Any CPU.ActiveCfg = Release|Any CPU
		{E2D80615-5D62-411E-AF91-7B7BBFF22CE1}.Release|Any CPU.Build.0 = Release|Any CPU
	EndGlobalSection
	GlobalSection(SolutionProperties) = preSolution
		HideSolutionNode = FALSE
	EndGlobalSection
	GlobalSection(ExtensibilityGlobals) = postSolution
		SolutionGuid = {6FA9767E-71F8-44D0-9FAD-FAA8ACE5A648}
	EndGlobalSection
EndGlobal
